
Microsoft Visual Studio Solution File, Format Version 12.00
# Visual Studio Version 17
VisualStudioVersion = 17.0.31903.59
MinimumVisualStudioVersion = 10.0.40219.1
Project("{FAE04EC0-301F-11D3-BF4B-00C04F79EFBC}") = "GoalFlow.Domain", "GoalFlow.Domain\GoalFlow.Domain.csproj", "{1FE16C2A-558F-4D89-B79C-F44C21310AD8}"
EndProject
Project("{FAE04EC0-301F-11D3-BF4B-00C04F79EFBC}") = "GoalFlow.Application", "GoalFlow.Application\GoalFlow.Application.csproj", "{E13D305D-C8F4-44FD-BF5C-72F1A7859B06}"
EndProject
Project("{FAE04EC0-301F-11D3-BF4B-00C04F79EFBC}") = "GoalFlow.Infrastructure", "GoalFlow.Infrastructure\GoalFlow.Infrastructure.csproj", "{C6B95846-8CE2-4A00-8F8B-8EEE79EE6E03}"
EndProject
Project("{FAE04EC0-301F-11D3-BF4B-00C04F79EFBC}") = "GoalFlow.Api", "GoalFlow.Api\GoalFlow.Api.csproj", "{BCD2832A-8D72-43B2-8725-8A04C25187E7}"
EndProject
Project("{2150E333-8FDC-42A3-9474-1A3956D46DE8}") = "Solution Items", "Solution Items", "{DE921D41-FE42-4D27-9EE2-815983487D3E}"
	ProjectSection(SolutionItems) = preProject
		docker-compose.yml = docker-compose.yml
		testSignalR.html = testSignalR.html
	EndProjectSection
EndProject
Project("{FAE04EC0-301F-11D3-BF4B-00C04F79EFBC}") = "GoalFlow.Tests.Integration", "GoalFlow.Tests.Integration\GoalFlow.Tests.Integration.csproj", "{B7699F25-4341-4278-9560-EB7B5612A975}"
EndProject
Global
	GlobalSection(SolutionConfigurationPlatforms) = preSolution
		Debug|Any CPU = Debug|Any CPU
		Release|Any CPU = Release|Any CPU
	EndGlobalSection
	GlobalSection(ProjectConfigurationPlatforms) = postSolution
		{1FE16C2A-558F-4D89-B79C-F44C21310AD8}.Debug|Any CPU.ActiveCfg = Debug|Any CPU
		{1FE16C2A-558F-4D89-B79C-F44C21310AD8}.Debug|Any CPU.Build.0 = Debug|Any CPU
		{1FE16C2A-558F-4D89-B79C-F44C21310AD8}.Release|Any CPU.ActiveCfg = Release|Any CPU
		{1FE16C2A-558F-4D89-B79C-F44C21310AD8}.Release|Any CPU.Build.0 = Release|Any CPU
		{E13D305D-C8F4-44FD-BF5C-72F1A7859B06}.Debug|Any CPU.ActiveCfg = Debug|Any CPU
		{E13D305D-C8F4-44FD-BF5C-72F1A7859B06}.Debug|Any CPU.Build.0 = Debug|Any CPU
		{E13D305D-C8F4-44FD-BF5C-72F1A7859B06}.Release|Any CPU.ActiveCfg = Release|Any CPU
		{E13D305D-C8F4-44FD-BF5C-72F1A7859B06}.Release|Any CPU.Build.0 = Release|Any CPU
		{C6B95846-8CE2-4A00-8F8B-8EEE79EE6E03}.Debug|Any CPU.ActiveCfg = Debug|Any CPU
		{C6B95846-8CE2-4A00-8F8B-8EEE79EE6E03}.Debug|Any CPU.Build.0 = Debug|Any CPU
		{C6B95846-8CE2-4A00-8F8B-8EEE79EE6E03}.Release|Any CPU.ActiveCfg = Release|Any CPU
		{C6B95846-8CE2-4A00-8F8B-8EEE79EE6E03}.Release|Any CPU.Build.0 = Release|Any CPU
		{BCD2832A-8D72-43B2-8725-8A04C25187E7}.Debug|Any CPU.ActiveCfg = Debug|Any CPU
		{BCD2832A-8D72-43B2-8725-8A04C25187E7}.Debug|Any CPU.Build.0 = Debug|Any CPU
		{BCD2832A-8D72-43B2-8725-8A04C25187E7}.Release|Any CPU.ActiveCfg = Release|Any CPU
		{BCD2832A-8D72-43B2-8725-8A04C25187E7}.Release|Any CPU.Build.0 = Release|Any CPU
		{B7699F25-4341-4278-9560-EB7B5612A975}.Debug|Any CPU.ActiveCfg = Debug|Any CPU
		{B7699F25-4341-4278-9560-EB7B5612A975}.Debug|Any CPU.Build.0 = Debug|Any CPU
		{B7699F25-4341-4278-9560-EB7B5612A975}.Release|Any CPU.ActiveCfg = Release|Any CPU
		{B7699F25-4341-4278-9560-EB7B5612A975}.Release|Any CPU.Build.0 = Release|Any CPU
	EndGlobalSection
	GlobalSection(SolutionProperties) = preSolution
		HideSolutionNode = FALSE
	EndGlobalSection
EndGlobal
